// !$*UTF8*$!
{
	archiveVersion = 1;
	classes = {
	};
	objectVersion = 46;
	objects = {

/* Begin PBXBuildFile section */
		C83EEBB71CEEFD1700638020 /* main.m in Sources */ = {isa = PBXBuildFile; fileRef = C83EEBB61CEEFD1700638020 /* main.m */; };
		C83EEBBA1CEEFD1700638020 /* AppDelegate.m in Sources */ = {isa = PBXBuildFile; fileRef = C83EEBB91CEEFD1700638020 /* AppDelegate.m */; };
		C83EEBBD1CEEFD1700638020 /* ViewController.m in Sources */ = {isa = PBXBuildFile; fileRef = C83EEBBC1CEEFD1700638020 /* ViewController.m */; };
		C83EEBC01CEEFD1700638020 /* Main.storyboard in Resources */ = {isa = PBXBuildFile; fileRef = C83EEBBE1CEEFD1700638020 /* Main.storyboard */; };
		C83EEBC21CEEFD1700638020 /* Assets.xcassets in Resources */ = {isa = PBXBuildFile; fileRef = C83EEBC11CEEFD1700638020 /* Assets.xcassets */; };
		C83EEBC51CEEFD1700638020 /* LaunchScreen.storyboard in Resources */ = {isa = PBXBuildFile; fileRef = C83EEBC31CEEFD1700638020 /* LaunchScreen.storyboard */; };
		C83EEBCE1CEEFD2C00638020 /* VCView.m in Sources */ = {isa = PBXBuildFile; fileRef = C83EEBCD1CEEFD2C00638020 /* VCView.m */; };
/* End PBXBuildFile section */

/* Begin PBXFileReference section */
		C83EEBB21CEEFD1700638020 /* reverse.app */ = {isa = PBXFileReference; explicitFileType = wrapper.application; includeInIndex = 0; path = reverse.app; sourceTree = BUILT_PRODUCTS_DIR; };
		C83EEBB61CEEFD1700638020 /* main.m */ = {isa = PBXFileReference; lastKnownFileType = sourcecode.c.objc; path = main.m; sourceTree = "<group>"; };
		C83EEBB81CEEFD1700638020 /* AppDelegate.h */ = {isa = PBXFileReference; lastKnownFileType = sourcecode.c.h; path = AppDelegate.h; sourceTree = "<group>"; };
		C83EEBB91CEEFD1700638020 /* AppDelegate.m */ = {isa = PBXFileReference; lastKnownFileType = sourcecode.c.objc; path = AppDelegate.m; sourceTree = "<group>"; };
		C83EEBBB1CEEFD1700638020 /* ViewController.h */ = {isa = PBXFileReference; lastKnownFileType = sourcecode.c.h; path = ViewController.h; sourceTree = "<group>"; };
		C83EEBBC1CEEFD1700638020 /* ViewController.m */ = {isa = PBXFileReference; lastKnownFileType = sourcecode.c.objc; path = ViewController.m; sourceTree = "<group>"; };
		C83EEBBF1CEEFD1700638020 /* Base */ = {isa = PBXFileReference; lastKnownFileType = file.storyboard; name = Base; path = Base.lproj/Main.storyboard; sourceTree = "<group>"; };
		C83EEBC11CEEFD1700638020 /* Assets.xcassets */ = {isa = PBXFileReference; lastKnownFileType = folder.assetcatalog; path = Assets.xcassets; sourceTree = "<group>"; };
		C83EEBC41CEEFD1700638020 /* Base */ = {isa = PBXFileReference; lastKnownFileType = file.storyboard; name = Base; path = Base.lproj/LaunchScreen.storyboard; sourceTree = "<group>"; };
		C83EEBC61CEEFD1700638020 /* Info.plist */ = {isa = PBXFileReference; lastKnownFileType = text.plist.xml; path = Info.plist; sourceTree = "<group>"; };
		C83EEBCC1CEEFD2C00638020 /* VCView.h */ = {isa = PBXFileReference; fileEncoding = 4; lastKnownFileType = sourcecode.c.h; path = VCView.h; sourceTree = "<group>"; };
		C83EEBCD1CEEFD2C00638020 /* VCView.m */ = {isa = PBXFileReference; fileEncoding = 4; lastKnownFileType = sourcecode.c.objc; path = VCView.m; sourceTree = "<group>"; };
/* End PBXFileReference section */

/* Begin PBXFrameworksBuildPhase section */
		C83EEBAF1CEEFD1700638020 /* Frameworks */ = {
			isa = PBXFrameworksBuildPhase;
			buildActionMask = 2147483647;
			files = (
			);
			runOnlyForDeploymentPostprocessing = 0;
		};
/* End PBXFrameworksBuildPhase section */

/* Begin PBXGroup section */
		C83EEBA91CEEFD1700638020 = {
			isa = PBXGroup;
			children = (
				C83EEBB41CEEFD1700638020 /* reverse */,
				C83EEBB31CEEFD1700638020 /* Products */,
			);
			sourceTree = "<group>";
		};
		C83EEBB31CEEFD1700638020 /* Products */ = {
			isa = PBXGroup;
			children = (
				C83EEBB21CEEFD1700638020 /* reverse.app */,
			);
			name = Products;
			sourceTree = "<group>";
		};
		C83EEBB41CEEFD1700638020 /* reverse */ = {
			isa = PBXGroup;
			children = (
				C83EEBB81CEEFD1700638020 /* AppDelegate.h */,
				C83EEBB91CEEFD1700638020 /* AppDelegate.m */,
				C83EEBBB1CEEFD1700638020 /* ViewController.h */,
				C83EEBBC1CEEFD1700638020 /* ViewController.m */,
				C83EEBCC1CEEFD2C00638020 /* VCView.h */,
				C83EEBCD1CEEFD2C00638020 /* VCView.m */,
				C83EEBBE1CEEFD1700638020 /* Main.storyboard */,
				C83EEBC11CEEFD1700638020 /* Assets.xcassets */,
				C83EEBC31CEEFD1700638020 /* LaunchScreen.storyboard */,
				C83EEBC61CEEFD1700638020 /* Info.plist */,
				C83EEBB51CEEFD1700638020 /* Supporting Files */,
			);
			path = reverse;
			sourceTree = "<group>";
		};
		C83EEBB51CEEFD1700638020 /* Supporting Files */ = {
			isa = PBXGroup;
			children = (
				C83EEBB61CEEFD1700638020 /* main.m */,
			);
			name = "Supporting Files";
			sourceTree = "<group>";
		};
/* End PBXGroup section */

/* Begin PBXNativeTarget section */
		C83EEBB11CEEFD1700638020 /* reverse */ = {
			isa = PBXNativeTarget;
			buildConfigurationList = C83EEBC91CEEFD1700638020 /* Build configuration list for PBXNativeTarget "reverse" */;
			buildPhases = (
				C83EEBAE1CEEFD1700638020 /* Sources */,
				C83EEBAF1CEEFD1700638020 /* Frameworks */,
				C83EEBB01CEEFD1700638020 /* Resources */,
			);
			buildRules = (
			);
			dependencies = (
			);
			name = reverse;
			productName = reverse;
			productReference = C83EEBB21CEEFD1700638020 /* reverse.app */;
			productType = "com.apple.product-type.application";
		};
/* End PBXNativeTarget section */

/* Begin PBXProject section */
		C83EEBAA1CEEFD1700638020 /* Project object */ = {
			isa = PBXProject;
			attributes = {
				LastUpgradeCheck = 0730;
				ORGANIZATIONNAME = kemchenj;
				TargetAttributes = {
					C83EEBB11CEEFD1700638020 = {
						CreatedOnToolsVersion = 7.3.1;
					};
				};
			};
			buildConfigurationList = C83EEBAD1CEEFD1700638020 /* Build configuration list for PBXProject "reverse" */;
			compatibilityVersion = "Xcode 3.2";
			developmentRegion = English;
			hasScannedForEncodings = 0;
			knownRegions = (
				en,
				Base,
			);
			mainGroup = C83EEBA91CEEFD1700638020;
			productRefGroup = C83EEBB31CEEFD1700638020 /* Products */;
			projectDirPath = "";
			projectRoot = "";
			targets = (
				C83EEBB11CEEFD1700638020 /* reverse */,
			);
		};
/* End PBXProject section */

/* Begin PBXResourcesBuildPhase section */
		C83EEBB01CEEFD1700638020 /* Resources */ = {
			isa = PBXResourcesBuildPhase;
			buildActionMask = 2147483647;
			files = (
				C83EEBC51CEEFD1700638020 /* LaunchScreen.storyboard in Resources */,
				C83EEBC21CEEFD1700638020 /* Assets.xcassets in Resources */,
				C83EEBC01CEEFD1700638020 /* Main.storyboard in Resources */,
			);
			runOnlyForDeploymentPostprocessing = 0;
		};
/* End PBXResourcesBuildPhase section */

/* Begin PBXSourcesBuildPhase section */
		C83EEBAE1CEEFD1700638020 /* Sources */ = {
			isa = PBXSourcesBuildPhase;
			buildActionMask = 2147483647;
			files = (
				C83EEBBD1CEEFD1700638020 /* ViewController.m in Sources */,
				C83EEBBA1CEEFD1700638020 /* AppDelegate.m in Sources */,
				C83EEBB71CEEFD1700638020 /* main.m in Sources */,
				C83EEBCE1CEEFD2C00638020 /* VCView.m in Sources */,
			);
			runOnlyForDeploymentPostprocessing = 0;
		};
/* End PBXSourcesBuildPhase section */

/* Begin PBXVariantGroup section */
		C83EEBBE1CEEFD1700638020 /* Main.storyboard */ = {
			isa = PBXVariantGroup;
			children = (
				C83EEBBF1CEEFD1700638020 /* Base */,
			);
			name = Main.storyboard;
			sourceTree = "<group>";
		};
		C83EEBC31CEEFD1700638020 /* LaunchScreen.storyboard */ = {
			isa = PBXVariantGroup;
			children = (
				C83EEBC41CEEFD1700638020 /* Base */,
			);
			name = LaunchScreen.storyboard;
			sourceTree = "<group>";
		};
/* End PBXVariantGroup section */

/* Begin XCBuildConfiguration section */
		C83EEBC71CEEFD1700638020 /* Debug */ = {
			isa = XCBuildConfiguration;
			buildSettings = {
				ALWAYS_SEARCH_USER_PATHS = NO;
				CLANG_ANALYZER_NONNULL = YES;
				CLANG_CXX_LANGUAGE_STANDARD = "gnu++0x";
				CLANG_CXX_LIBRARY = "libc++";
				CLANG_ENABLE_MODULES = YES;
				CLANG_ENABLE_OBJC_ARC = YES;
				CLANG_WARN_BOOL_CONVERSION = YES;
				CLANG_WARN_CONSTANT_CONVERSION = YES;
				CLANG_WARN_DIRECT_OBJC_ISA_USAGE = YES_ERROR;
				CLANG_WARN_EMPTY_BODY = YES;
				CLANG_WARN_ENUM_CONVERSION = YES;
				CLANG_WARN_INT_CONVERSION = YES;
				CLANG_WARN_OBJC_ROOT_CLASS = YES_ERROR;
				CLANG_WARN_UNREACHABLE_CODE = YES;
				CLANG_WARN__DUPLICATE_METHOD_MATCH = YES;
				"CODE_SIGN_IDENTITY[sdk=iphoneos*]" = "iPhone Developer";
				COPY_PHASE_STRIP = NO;
				DEBUG_INFORMATION_FORMAT = dwarf;
				ENABLE_STRICT_OBJC_MSGSEND = YES;
				ENABLE_TESTABILITY = YES;
				GCC_C_LANGUAGE_STANDARD = gnu99;
				GCC_DYNAMIC_NO_PIC = NO;
				GCC_NO_COMMON_BLOCKS = YES;
				GCC_OPTIMIZATION_LEVEL = 0;
				GCC_PREPROCESSOR_DEFINITIONS = (
					"DEBUG=1",
					"$(inherited)",
				);
				GCC_WARN_64_TO_32_BIT_CONVERSION = YES;
				GCC_WARN_ABOUT_RETURN_TYPE = YES_ERROR;
				GCC_WARN_UNDECLARED_SELECTOR = YES;
				GCC_WARN_UNINITIALIZED_AUTOS = YES_AGGRESSIVE;
				GCC_WARN_UNUSED_FUNCTION = YES;
				GCC_WARN_UNUSED_VARIABLE = YES;
				IPHONEOS_DEPLOYMENT_TARGET = 9.3;
				MTL_ENABLE_DEBUG_INFO = YES;
				ONLY_ACTIVE_ARCH = YES;
				SDKROOT = iphoneos;
			};
			name = Debug;
		};
		C83EEBC81CEEFD1700638020 /* Release */ = {
			isa = XCBuildConfiguration;
			buildSettings = {
				ALWAYS_SEARCH_USER_PATHS = NO;
				CLANG_ANALYZER_NONNULL = YES;
				CLANG_CXX_LANGUAGE_STANDARD = "gnu++0x";
				CLANG_CXX_LIBRARY = "libc++";
				CLANG_ENABLE_MODULES = YES;
				CLANG_ENABLE_OBJC_ARC = YES;
				CLANG_WARN_BOOL_CONVERSION = YES;
				CLANG_WARN_CONSTANT_CONVERSION = YES;
				CLANG_WARN_DIRECT_OBJC_ISA_USAGE = YES_ERROR;
				CLANG_WARN_EMPTY_BODY = YES;
				CLANG_WARN_ENUM_CONVERSION = YES;
				CLANG_WARN_INT_CONVERSION = YES;
				CLANG_WARN_OBJC_ROOT_CLASS = YES_ERROR;
				CLANG_WARN_UNREACHABLE_CODE = YES;
				CLANG_WARN__DUPLICATE_METHOD_MATCH = YES;
				"CODE_SIGN_IDENTITY[sdk=iphoneos*]" = "iPhone Developer";
				COPY_PHASE_STRIP = NO;
				DEBUG_INFORMATION_FORMAT = "dwarf-with-dsym";
				ENABLE_NS_ASSERTIONS = NO;
				ENABLE_STRICT_OBJC_MSGSEND = YES;
				GCC_C_LANGUAGE_STANDARD = gnu99;
				GCC_NO_COMMON_BLOCKS = YES;
				GCC_WARN_64_TO_32_BIT_CONVERSION = YES;
				GCC_WARN_ABOUT_RETURN_TYPE = YES_ERROR;
				GCC_WARN_UNDECLARED_SELECTOR = YES;
				GCC_WARN_UNINITIALIZED_AUTOS = YES_AGGRESSIVE;
				GCC_WARN_UNUSED_FUNCTION = YES;
				GCC_WARN_UNUSED_VARIABLE = YES;
				IPHONEOS_DEPLOYMENT_TARGET = 9.3;
				MTL_ENABLE_DEBUG_INFO = NO;
				SDKROOT = iphoneos;
				VALIDATE_PRODUCT = YES;
			};
			name = Release;
		};
		C83EEBCA1CEEFD1700638020 /* Debug */ = {
			isa = XCBuildConfiguration;
			buildSettings = {
				ASSETCATALOG_COMPILER_APPICON_NAME = AppIcon;
				INFOPLIST_FILE = reverse/Info.plist;
				LD_RUNPATH_SEARCH_PATHS = "$(inherited) @executable_path/Frameworks";
				PRODUCT_BUNDLE_IDENTIFIER = com.st.reverse;
				PRODUCT_NAME = "$(TARGET_NAME)";
			};
			name = Debug;
		};
		C83EEBCB1CEEFD1700638020 /* Release */ = {
			isa = XCBuildConfiguration;
			buildSettings = {
				ASSETCATALOG_COMPILER_APPICON_NAME = AppIcon;
				INFOPLIST_FILE = reverse/Info.plist;
				LD_RUNPATH_SEARCH_PATHS = "$(inherited) @executable_path/Frameworks";
				PRODUCT_BUNDLE_IDENTIFIER = com.st.reverse;
				PRODUCT_NAME = "$(TARGET_NAME)";
			};
			name = Release;
		};
/* End XCBuildConfiguration section */

/* Begin XCConfigurationList section */
		C83EEBAD1CEEFD1700638020 /* Build configuration list for PBXProject "reverse" */ = {
			isa = XCConfigurationList;
			buildConfigurations = (
				C83EEBC71CEEFD1700638020 /* Debug */,
				C83EEBC81CEEFD1700638020 /* Release */,
			);
			defaultConfigurationIsVisible = 0;
			defaultConfigurationName = Release;
		};
		C83EEBC91CEEFD1700638020 /* Build configuration list for PBXNativeTarget "reverse" */ = {
			isa = XCConfigurationList;
			buildConfigurations = (
				C83EEBCA1CEEFD1700638020 /* Debug */,
				C83EEBCB1CEEFD1700638020 /* Release */,
			);
			defaultConfigurationIsVisible = 0;
		};
/* End XCConfigurationList section */
	};
	rootObject = C83EEBAA1CEEFD1700638020 /* Project object */;
}
