// !$*UTF8*$!
{
	archiveVersion = 1;
	classes = {
	};
	objectVersion = 47;
	objects = {

/* Begin PBXBuildFile section */
		8E46B8FC1CA22BF700F13DF6 /* main.m in Sources */ = {isa = PBXBuildFile; fileRef = 8E46B8FB1CA22BF700F13DF6 /* main.m */; };
		8E46B9041CA22C1900F13DF6 /* Person.m in Sources */ = {isa = PBXBuildFile; fileRef = 8E46B9031CA22C1900F13DF6 /* Person.m */; };
/* End PBXBuildFile section */

/* Begin PBXCopyFilesBuildPhase section */
		8E46B8F61CA22BF700F13DF6 /* CopyFiles */ = {
			isa = PBXCopyFilesBuildPhase;
			buildActionMask = 2147483647;
			dstPath = /usr/share/man/man1/;
			dstSubfolderSpec = 0;
			files = (
			);
			runOnlyForDeploymentPostprocessing = 1;
		};
/* End PBXCopyFilesBuildPhase section */

/* Begin PBXFileReference section */
		8E46B8F81CA22BF700F13DF6 /* day15-1 */ = {isa = PBXFileReference; explicitFileType = "compiled.mach-o.executable"; includeInIndex = 0; path = "day15-1"; sourceTree = BUILT_PRODUCTS_DIR; };
		8E46B8FB1CA22BF700F13DF6 /* main.m */ = {isa = PBXFileReference; lastKnownFileType = sourcecode.c.objc; path = main.m; sourceTree = "<group>"; };
		8E46B9021CA22C1100F13DF6 /* Person.h */ = {isa = PBXFileReference; lastKnownFileType = sourcecode.c.h; path = Person.h; sourceTree = "<group>"; };
		8E46B9031CA22C1900F13DF6 /* Person.m */ = {isa = PBXFileReference; fileEncoding = 4; lastKnownFileType = sourcecode.c.objc; path = Person.m; sourceTree = "<group>"; };
/* End PBXFileReference section */

/* Begin PBXFrameworksBuildPhase section */
		8E46B8F51CA22BF700F13DF6 /* Frameworks */ = {
			isa = PBXFrameworksBuildPhase;
			buildActionMask = 2147483647;
			files = (
			);
			runOnlyForDeploymentPostprocessing = 0;
		};
/* End PBXFrameworksBuildPhase section */

/* Begin PBXGroup section */
		8E46B8EF1CA22BF700F13DF6 = {
			isa = PBXGroup;
			children = (
				8E46B8FA1CA22BF700F13DF6 /* day15-1 */,
				8E46B8F91CA22BF700F13DF6 /* Products */,
			);
			sourceTree = "<group>";
		};
		8E46B8F91CA22BF700F13DF6 /* Products */ = {
			isa = PBXGroup;
			children = (
				8E46B8F81CA22BF700F13DF6 /* day15-1 */,
			);
			name = Products;
			sourceTree = "<group>";
		};
		8E46B8FA1CA22BF700F13DF6 /* day15-1 */ = {
			isa = PBXGroup;
			children = (
				8E46B8FB1CA22BF700F13DF6 /* main.m */,
				8E46B9021CA22C1100F13DF6 /* Person.h */,
				8E46B9031CA22C1900F13DF6 /* Person.m */,
			);
			path = "day15-1";
			sourceTree = "<group>";
		};
/* End PBXGroup section */

/* Begin PBXNativeTarget section */
		8E46B8F71CA22BF700F13DF6 /* day15-1 */ = {
			isa = PBXNativeTarget;
			buildConfigurationList = 8E46B8FF1CA22BF700F13DF6 /* Build configuration list for PBXNativeTarget "day15-1" */;
			buildPhases = (
				8E46B8F41CA22BF700F13DF6 /* Sources */,
				8E46B8F51CA22BF700F13DF6 /* Frameworks */,
				8E46B8F61CA22BF700F13DF6 /* CopyFiles */,
			);
			buildRules = (
			);
			dependencies = (
			);
			name = "day15-1";
			productName = "day15-1";
			productReference = 8E46B8F81CA22BF700F13DF6 /* day15-1 */;
			productType = "com.apple.product-type.tool";
		};
/* End PBXNativeTarget section */

/* Begin PBXProject section */
		8E46B8F01CA22BF700F13DF6 /* Project object */ = {
			isa = PBXProject;
			attributes = {
				LastUpgradeCheck = 0710;
				ORGANIZATIONNAME = xmg;
				TargetAttributes = {
					8E46B8F71CA22BF700F13DF6 = {
						CreatedOnToolsVersion = 7.1.1;
					};
				};
			};
			buildConfigurationList = 8E46B8F31CA22BF700F13DF6 /* Build configuration list for PBXProject "day15-1" */;
			compatibilityVersion = "Xcode 6.3";
			developmentRegion = English;
			hasScannedForEncodings = 0;
			knownRegions = (
				en,
			);
			mainGroup = 8E46B8EF1CA22BF700F13DF6;
			productRefGroup = 8E46B8F91CA22BF700F13DF6 /* Products */;
			projectDirPath = "";
			projectRoot = "";
			targets = (
				8E46B8F71CA22BF700F13DF6 /* day15-1 */,
			);
		};
/* End PBXProject section */

/* Begin PBXSourcesBuildPhase section */
		8E46B8F41CA22BF700F13DF6 /* Sources */ = {
			isa = PBXSourcesBuildPhase;
			buildActionMask = 2147483647;
			files = (
				8E46B9041CA22C1900F13DF6 /* Person.m in Sources */,
				8E46B8FC1CA22BF700F13DF6 /* main.m in Sources */,
			);
			runOnlyForDeploymentPostprocessing = 0;
		};
/* End PBXSourcesBuildPhase section */

/* Begin XCBuildConfiguration section */
		8E46B8FD1CA22BF700F13DF6 /* Debug */ = {
			isa = XCBuildConfiguration;
			buildSettings = {
				ALWAYS_SEARCH_USER_PATHS = NO;
				CLANG_CXX_LANGUAGE_STANDARD = "gnu++0x";
				CLANG_CXX_LIBRARY = "libc++";
				CLANG_ENABLE_MODULES = YES;
				CLANG_ENABLE_OBJC_ARC = NO;
				CLANG_WARN_BOOL_CONVERSION = YES;
				CLANG_WARN_CONSTANT_CONVERSION = YES;
				CLANG_WARN_DIRECT_OBJC_ISA_USAGE = YES_ERROR;
				CLANG_WARN_EMPTY_BODY = YES;
				CLANG_WARN_ENUM_CONVERSION = YES;
				CLANG_WARN_INT_CONVERSION = YES;
				CLANG_WARN_OBJC_ROOT_CLASS = YES_ERROR;
				CLANG_WARN_UNREACHABLE_CODE = YES;
				CLANG_WARN__DUPLICATE_METHOD_MATCH = YES;
				CODE_SIGN_IDENTITY = "-";
				COPY_PHASE_STRIP = NO;
				DEBUG_INFORMATION_FORMAT = dwarf;
				ENABLE_STRICT_OBJC_MSGSEND = YES;
				ENABLE_TESTABILITY = YES;
				GCC_C_LANGUAGE_STANDARD = gnu99;
				GCC_DYNAMIC_NO_PIC = NO;
				GCC_NO_COMMON_BLOCKS = YES;
				GCC_OPTIMIZATION_LEVEL = 0;
				GCC_PREPROCESSOR_DEFINITIONS = (
					"DEBUG=1",
					"$(inherited)",
				);
				GCC_WARN_64_TO_32_BIT_CONVERSION = YES;
				GCC_WARN_ABOUT_RETURN_TYPE = YES_ERROR;
				GCC_WARN_UNDECLARED_SELECTOR = YES;
				GCC_WARN_UNINITIALIZED_AUTOS = YES_AGGRESSIVE;
				GCC_WARN_UNUSED_FUNCTION = YES;
				GCC_WARN_UNUSED_VARIABLE = YES;
				MACOSX_DEPLOYMENT_TARGET = 10.11;
				MTL_ENABLE_DEBUG_INFO = YES;
				ONLY_ACTIVE_ARCH = YES;
				SDKROOT = macosx;
			};
			name = Debug;
		};
		8E46B8FE1CA22BF700F13DF6 /* Release */ = {
			isa = XCBuildConfiguration;
			buildSettings = {
				ALWAYS_SEARCH_USER_PATHS = NO;
				CLANG_CXX_LANGUAGE_STANDARD = "gnu++0x";
				CLANG_CXX_LIBRARY = "libc++";
				CLANG_ENABLE_MODULES = YES;
				CLANG_ENABLE_OBJC_ARC = NO;
				CLANG_WARN_BOOL_CONVERSION = YES;
				CLANG_WARN_CONSTANT_CONVERSION = YES;
				CLANG_WARN_DIRECT_OBJC_ISA_USAGE = YES_ERROR;
				CLANG_WARN_EMPTY_BODY = YES;
				CLANG_WARN_ENUM_CONVERSION = YES;
				CLANG_WARN_INT_CONVERSION = YES;
				CLANG_WARN_OBJC_ROOT_CLASS = YES_ERROR;
				CLANG_WARN_UNREACHABLE_CODE = YES;
				CLANG_WARN__DUPLICATE_METHOD_MATCH = YES;
				CODE_SIGN_IDENTITY = "-";
				COPY_PHASE_STRIP = NO;
				DEBUG_INFORMATION_FORMAT = "dwarf-with-dsym";
				ENABLE_NS_ASSERTIONS = NO;
				ENABLE_STRICT_OBJC_MSGSEND = YES;
				GCC_C_LANGUAGE_STANDARD = gnu99;
				GCC_NO_COMMON_BLOCKS = YES;
				GCC_WARN_64_TO_32_BIT_CONVERSION = YES;
				GCC_WARN_ABOUT_RETURN_TYPE = YES_ERROR;
				GCC_WARN_UNDECLARED_SELECTOR = YES;
				GCC_WARN_UNINITIALIZED_AUTOS = YES_AGGRESSIVE;
				GCC_WARN_UNUSED_FUNCTION = YES;
				GCC_WARN_UNUSED_VARIABLE = YES;
				MACOSX_DEPLOYMENT_TARGET = 10.11;
				MTL_ENABLE_DEBUG_INFO = NO;
				SDKROOT = macosx;
			};
			name = Release;
		};
		8E46B9001CA22BF700F13DF6 /* Debug */ = {
			isa = XCBuildConfiguration;
			buildSettings = {
				PRODUCT_NAME = "$(TARGET_NAME)";
			};
			name = Debug;
		};
		8E46B9011CA22BF700F13DF6 /* Release */ = {
			isa = XCBuildConfiguration;
			buildSettings = {
				PRODUCT_NAME = "$(TARGET_NAME)";
			};
			name = Release;
		};
/* End XCBuildConfiguration section */

/* Begin XCConfigurationList section */
		8E46B8F31CA22BF700F13DF6 /* Build configuration list for PBXProject "day15-1" */ = {
			isa = XCConfigurationList;
			buildConfigurations = (
				8E46B8FD1CA22BF700F13DF6 /* Debug */,
				8E46B8FE1CA22BF700F13DF6 /* Release */,
			);
			defaultConfigurationIsVisible = 0;
			defaultConfigurationName = Release;
		};
		8E46B8FF1CA22BF700F13DF6 /* Build configuration list for PBXNativeTarget "day15-1" */ = {
			isa = XCConfigurationList;
			buildConfigurations = (
				8E46B9001CA22BF700F13DF6 /* Debug */,
				8E46B9011CA22BF700F13DF6 /* Release */,
			);
			defaultConfigurationIsVisible = 0;
		};
/* End XCConfigurationList section */
	};
	rootObject = 8E46B8F01CA22BF700F13DF6 /* Project object */;
}
