// !$*UTF8*$!
{
	archiveVersion = 1;
	classes = {
	};
	objectVersion = 46;
	objects = {

/* Begin PBXBuildFile section */
		C81593411CB7D81100152A45 /* main.swift in Sources */ = {isa = PBXBuildFile; fileRef = C81593401CB7D81100152A45 /* main.swift */; };
		C815934E1CB8932E00152A45 /* main.swift in Sources */ = {isa = PBXBuildFile; fileRef = C815934D1CB8932E00152A45 /* main.swift */; };
		C81593591CB8CE5100152A45 /* main.swift in Sources */ = {isa = PBXBuildFile; fileRef = C81593581CB8CE5100152A45 /* main.swift */; };
/* End PBXBuildFile section */

/* Begin PBXCopyFilesBuildPhase section */
		C815933B1CB7D81100152A45 /* CopyFiles */ = {
			isa = PBXCopyFilesBuildPhase;
			buildActionMask = 2147483647;
			dstPath = /usr/share/man/man1/;
			dstSubfolderSpec = 0;
			files = (
			);
			runOnlyForDeploymentPostprocessing = 1;
		};
		C81593491CB8932E00152A45 /* CopyFiles */ = {
			isa = PBXCopyFilesBuildPhase;
			buildActionMask = 2147483647;
			dstPath = /usr/share/man/man1/;
			dstSubfolderSpec = 0;
			files = (
			);
			runOnlyForDeploymentPostprocessing = 1;
		};
		C81593541CB8CE5100152A45 /* CopyFiles */ = {
			isa = PBXCopyFilesBuildPhase;
			buildActionMask = 2147483647;
			dstPath = /usr/share/man/man1/;
			dstSubfolderSpec = 0;
			files = (
			);
			runOnlyForDeploymentPostprocessing = 1;
		};
/* End PBXCopyFilesBuildPhase section */

/* Begin PBXFileReference section */
		C815933D1CB7D81100152A45 /* Hello Swift */ = {isa = PBXFileReference; explicitFileType = "compiled.mach-o.executable"; includeInIndex = 0; path = "Hello Swift"; sourceTree = BUILT_PRODUCTS_DIR; };
		C81593401CB7D81100152A45 /* main.swift */ = {isa = PBXFileReference; lastKnownFileType = sourcecode.swift; path = main.swift; sourceTree = "<group>"; };
		C815934B1CB8932E00152A45 /* Control Flow */ = {isa = PBXFileReference; explicitFileType = "compiled.mach-o.executable"; includeInIndex = 0; path = "Control Flow"; sourceTree = BUILT_PRODUCTS_DIR; };
		C815934D1CB8932E00152A45 /* main.swift */ = {isa = PBXFileReference; lastKnownFileType = sourcecode.swift; path = main.swift; sourceTree = "<group>"; };
		C81593561CB8CE5100152A45 /* Functions and Closures */ = {isa = PBXFileReference; explicitFileType = "compiled.mach-o.executable"; includeInIndex = 0; path = "Functions and Closures"; sourceTree = BUILT_PRODUCTS_DIR; };
		C81593581CB8CE5100152A45 /* main.swift */ = {isa = PBXFileReference; lastKnownFileType = sourcecode.swift; path = main.swift; sourceTree = "<group>"; };
/* End PBXFileReference section */

/* Begin PBXFrameworksBuildPhase section */
		C815933A1CB7D81100152A45 /* Frameworks */ = {
			isa = PBXFrameworksBuildPhase;
			buildActionMask = 2147483647;
			files = (
			);
			runOnlyForDeploymentPostprocessing = 0;
		};
		C81593481CB8932E00152A45 /* Frameworks */ = {
			isa = PBXFrameworksBuildPhase;
			buildActionMask = 2147483647;
			files = (
			);
			runOnlyForDeploymentPostprocessing = 0;
		};
		C81593531CB8CE5100152A45 /* Frameworks */ = {
			isa = PBXFrameworksBuildPhase;
			buildActionMask = 2147483647;
			files = (
			);
			runOnlyForDeploymentPostprocessing = 0;
		};
/* End PBXFrameworksBuildPhase section */

/* Begin PBXGroup section */
		C81593341CB7D81100152A45 = {
			isa = PBXGroup;
			children = (
				C815933F1CB7D81100152A45 /* Hello Swift */,
				C815934C1CB8932E00152A45 /* Control Flow */,
				C81593571CB8CE5100152A45 /* Functions and Closures */,
				C815933E1CB7D81100152A45 /* Products */,
			);
			sourceTree = "<group>";
		};
		C815933E1CB7D81100152A45 /* Products */ = {
			isa = PBXGroup;
			children = (
				C815933D1CB7D81100152A45 /* Hello Swift */,
				C815934B1CB8932E00152A45 /* Control Flow */,
				C81593561CB8CE5100152A45 /* Functions and Closures */,
			);
			name = Products;
			sourceTree = "<group>";
		};
		C815933F1CB7D81100152A45 /* Hello Swift */ = {
			isa = PBXGroup;
			children = (
				C81593401CB7D81100152A45 /* main.swift */,
			);
			path = "Hello Swift";
			sourceTree = "<group>";
		};
		C815934C1CB8932E00152A45 /* Control Flow */ = {
			isa = PBXGroup;
			children = (
				C815934D1CB8932E00152A45 /* main.swift */,
			);
			path = "Control Flow";
			sourceTree = "<group>";
		};
		C81593571CB8CE5100152A45 /* Functions and Closures */ = {
			isa = PBXGroup;
			children = (
				C81593581CB8CE5100152A45 /* main.swift */,
			);
			path = "Functions and Closures";
			sourceTree = "<group>";
		};
/* End PBXGroup section */

/* Begin PBXNativeTarget section */
		C815933C1CB7D81100152A45 /* Hello Swift */ = {
			isa = PBXNativeTarget;
			buildConfigurationList = C81593441CB7D81100152A45 /* Build configuration list for PBXNativeTarget "Hello Swift" */;
			buildPhases = (
				C81593391CB7D81100152A45 /* Sources */,
				C815933A1CB7D81100152A45 /* Frameworks */,
				C815933B1CB7D81100152A45 /* CopyFiles */,
			);
			buildRules = (
			);
			dependencies = (
			);
			name = "Hello Swift";
			productName = "Hello Swift";
			productReference = C815933D1CB7D81100152A45 /* Hello Swift */;
			productType = "com.apple.product-type.tool";
		};
		C815934A1CB8932E00152A45 /* Control Flow */ = {
			isa = PBXNativeTarget;
			buildConfigurationList = C815934F1CB8932E00152A45 /* Build configuration list for PBXNativeTarget "Control Flow" */;
			buildPhases = (
				C81593471CB8932E00152A45 /* Sources */,
				C81593481CB8932E00152A45 /* Frameworks */,
				C81593491CB8932E00152A45 /* CopyFiles */,
			);
			buildRules = (
			);
			dependencies = (
			);
			name = "Control Flow";
			productName = "Control Flow";
			productReference = C815934B1CB8932E00152A45 /* Control Flow */;
			productType = "com.apple.product-type.tool";
		};
		C81593551CB8CE5100152A45 /* Functions and Closures */ = {
			isa = PBXNativeTarget;
			buildConfigurationList = C815935A1CB8CE5100152A45 /* Build configuration list for PBXNativeTarget "Functions and Closures" */;
			buildPhases = (
				C81593521CB8CE5100152A45 /* Sources */,
				C81593531CB8CE5100152A45 /* Frameworks */,
				C81593541CB8CE5100152A45 /* CopyFiles */,
			);
			buildRules = (
			);
			dependencies = (
			);
			name = "Functions and Closures";
			productName = "Functions and Closures";
			productReference = C81593561CB8CE5100152A45 /* Functions and Closures */;
			productType = "com.apple.product-type.tool";
		};
/* End PBXNativeTarget section */

/* Begin PBXProject section */
		C81593351CB7D81100152A45 /* Project object */ = {
			isa = PBXProject;
			attributes = {
				LastSwiftUpdateCheck = 0730;
				LastUpgradeCheck = 0730;
				ORGANIZATIONNAME = kemchenj;
				TargetAttributes = {
					C815933C1CB7D81100152A45 = {
						CreatedOnToolsVersion = 7.3;
					};
					C815934A1CB8932E00152A45 = {
						CreatedOnToolsVersion = 7.3;
					};
					C81593551CB8CE5100152A45 = {
						CreatedOnToolsVersion = 7.3;
					};
				};
			};
			buildConfigurationList = C81593381CB7D81100152A45 /* Build configuration list for PBXProject "Hello Swift" */;
			compatibilityVersion = "Xcode 3.2";
			developmentRegion = English;
			hasScannedForEncodings = 0;
			knownRegions = (
				en,
			);
			mainGroup = C81593341CB7D81100152A45;
			productRefGroup = C815933E1CB7D81100152A45 /* Products */;
			projectDirPath = "";
			projectRoot = "";
			targets = (
				C815933C1CB7D81100152A45 /* Hello Swift */,
				C815934A1CB8932E00152A45 /* Control Flow */,
				C81593551CB8CE5100152A45 /* Functions and Closures */,
			);
		};
/* End PBXProject section */

/* Begin PBXSourcesBuildPhase section */
		C81593391CB7D81100152A45 /* Sources */ = {
			isa = PBXSourcesBuildPhase;
			buildActionMask = 2147483647;
			files = (
				C81593411CB7D81100152A45 /* main.swift in Sources */,
			);
			runOnlyForDeploymentPostprocessing = 0;
		};
		C81593471CB8932E00152A45 /* Sources */ = {
			isa = PBXSourcesBuildPhase;
			buildActionMask = 2147483647;
			files = (
				C815934E1CB8932E00152A45 /* main.swift in Sources */,
			);
			runOnlyForDeploymentPostprocessing = 0;
		};
		C81593521CB8CE5100152A45 /* Sources */ = {
			isa = PBXSourcesBuildPhase;
			buildActionMask = 2147483647;
			files = (
				C81593591CB8CE5100152A45 /* main.swift in Sources */,
			);
			runOnlyForDeploymentPostprocessing = 0;
		};
/* End PBXSourcesBuildPhase section */

/* Begin XCBuildConfiguration section */
		C81593421CB7D81100152A45 /* Debug */ = {
			isa = XCBuildConfiguration;
			buildSettings = {
				ALWAYS_SEARCH_USER_PATHS = NO;
				CLANG_ANALYZER_NONNULL = YES;
				CLANG_CXX_LANGUAGE_STANDARD = "gnu++0x";
				CLANG_CXX_LIBRARY = "libc++";
				CLANG_ENABLE_MODULES = YES;
				CLANG_ENABLE_OBJC_ARC = YES;
				CLANG_WARN_BOOL_CONVERSION = YES;
				CLANG_WARN_CONSTANT_CONVERSION = YES;
				CLANG_WARN_DIRECT_OBJC_ISA_USAGE = YES_ERROR;
				CLANG_WARN_EMPTY_BODY = YES;
				CLANG_WARN_ENUM_CONVERSION = YES;
				CLANG_WARN_INT_CONVERSION = YES;
				CLANG_WARN_OBJC_ROOT_CLASS = YES_ERROR;
				CLANG_WARN_UNREACHABLE_CODE = YES;
				CLANG_WARN__DUPLICATE_METHOD_MATCH = YES;
				CODE_SIGN_IDENTITY = "-";
				COPY_PHASE_STRIP = NO;
				DEBUG_INFORMATION_FORMAT = dwarf;
				ENABLE_STRICT_OBJC_MSGSEND = YES;
				ENABLE_TESTABILITY = YES;
				GCC_C_LANGUAGE_STANDARD = gnu99;
				GCC_DYNAMIC_NO_PIC = NO;
				GCC_NO_COMMON_BLOCKS = YES;
				GCC_OPTIMIZATION_LEVEL = 0;
				GCC_PREPROCESSOR_DEFINITIONS = (
					"DEBUG=1",
					"$(inherited)",
				);
				GCC_WARN_64_TO_32_BIT_CONVERSION = YES;
				GCC_WARN_ABOUT_RETURN_TYPE = YES_ERROR;
				GCC_WARN_UNDECLARED_SELECTOR = YES;
				GCC_WARN_UNINITIALIZED_AUTOS = YES_AGGRESSIVE;
				GCC_WARN_UNUSED_FUNCTION = YES;
				GCC_WARN_UNUSED_VARIABLE = YES;
				MACOSX_DEPLOYMENT_TARGET = 10.11;
				MTL_ENABLE_DEBUG_INFO = YES;
				ONLY_ACTIVE_ARCH = YES;
				SDKROOT = macosx;
				SWIFT_OPTIMIZATION_LEVEL = "-Onone";
			};
			name = Debug;
		};
		C81593431CB7D81100152A45 /* Release */ = {
			isa = XCBuildConfiguration;
			buildSettings = {
				ALWAYS_SEARCH_USER_PATHS = NO;
				CLANG_ANALYZER_NONNULL = YES;
				CLANG_CXX_LANGUAGE_STANDARD = "gnu++0x";
				CLANG_CXX_LIBRARY = "libc++";
				CLANG_ENABLE_MODULES = YES;
				CLANG_ENABLE_OBJC_ARC = YES;
				CLANG_WARN_BOOL_CONVERSION = YES;
				CLANG_WARN_CONSTANT_CONVERSION = YES;
				CLANG_WARN_DIRECT_OBJC_ISA_USAGE = YES_ERROR;
				CLANG_WARN_EMPTY_BODY = YES;
				CLANG_WARN_ENUM_CONVERSION = YES;
				CLANG_WARN_INT_CONVERSION = YES;
				CLANG_WARN_OBJC_ROOT_CLASS = YES_ERROR;
				CLANG_WARN_UNREACHABLE_CODE = YES;
				CLANG_WARN__DUPLICATE_METHOD_MATCH = YES;
				CODE_SIGN_IDENTITY = "-";
				COPY_PHASE_STRIP = NO;
				DEBUG_INFORMATION_FORMAT = "dwarf-with-dsym";
				ENABLE_NS_ASSERTIONS = NO;
				ENABLE_STRICT_OBJC_MSGSEND = YES;
				GCC_C_LANGUAGE_STANDARD = gnu99;
				GCC_NO_COMMON_BLOCKS = YES;
				GCC_WARN_64_TO_32_BIT_CONVERSION = YES;
				GCC_WARN_ABOUT_RETURN_TYPE = YES_ERROR;
				GCC_WARN_UNDECLARED_SELECTOR = YES;
				GCC_WARN_UNINITIALIZED_AUTOS = YES_AGGRESSIVE;
				GCC_WARN_UNUSED_FUNCTION = YES;
				GCC_WARN_UNUSED_VARIABLE = YES;
				MACOSX_DEPLOYMENT_TARGET = 10.11;
				MTL_ENABLE_DEBUG_INFO = NO;
				SDKROOT = macosx;
			};
			name = Release;
		};
		C81593451CB7D81100152A45 /* Debug */ = {
			isa = XCBuildConfiguration;
			buildSettings = {
				PRODUCT_NAME = "$(TARGET_NAME)";
			};
			name = Debug;
		};
		C81593461CB7D81100152A45 /* Release */ = {
			isa = XCBuildConfiguration;
			buildSettings = {
				PRODUCT_NAME = "$(TARGET_NAME)";
			};
			name = Release;
		};
		C81593501CB8932E00152A45 /* Debug */ = {
			isa = XCBuildConfiguration;
			buildSettings = {
				PRODUCT_NAME = "$(TARGET_NAME)";
			};
			name = Debug;
		};
		C81593511CB8932E00152A45 /* Release */ = {
			isa = XCBuildConfiguration;
			buildSettings = {
				PRODUCT_NAME = "$(TARGET_NAME)";
			};
			name = Release;
		};
		C815935B1CB8CE5100152A45 /* Debug */ = {
			isa = XCBuildConfiguration;
			buildSettings = {
				PRODUCT_NAME = "$(TARGET_NAME)";
			};
			name = Debug;
		};
		C815935C1CB8CE5100152A45 /* Release */ = {
			isa = XCBuildConfiguration;
			buildSettings = {
				PRODUCT_NAME = "$(TARGET_NAME)";
			};
			name = Release;
		};
/* End XCBuildConfiguration section */

/* Begin XCConfigurationList section */
		C81593381CB7D81100152A45 /* Build configuration list for PBXProject "Hello Swift" */ = {
			isa = XCConfigurationList;
			buildConfigurations = (
				C81593421CB7D81100152A45 /* Debug */,
				C81593431CB7D81100152A45 /* Release */,
			);
			defaultConfigurationIsVisible = 0;
			defaultConfigurationName = Release;
		};
		C81593441CB7D81100152A45 /* Build configuration list for PBXNativeTarget "Hello Swift" */ = {
			isa = XCConfigurationList;
			buildConfigurations = (
				C81593451CB7D81100152A45 /* Debug */,
				C81593461CB7D81100152A45 /* Release */,
			);
			defaultConfigurationIsVisible = 0;
		};
		C815934F1CB8932E00152A45 /* Build configuration list for PBXNativeTarget "Control Flow" */ = {
			isa = XCConfigurationList;
			buildConfigurations = (
				C81593501CB8932E00152A45 /* Debug */,
				C81593511CB8932E00152A45 /* Release */,
			);
			defaultConfigurationIsVisible = 0;
		};
		C815935A1CB8CE5100152A45 /* Build configuration list for PBXNativeTarget "Functions and Closures" */ = {
			isa = XCConfigurationList;
			buildConfigurations = (
				C815935B1CB8CE5100152A45 /* Debug */,
				C815935C1CB8CE5100152A45 /* Release */,
			);
			defaultConfigurationIsVisible = 0;
		};
/* End XCConfigurationList section */
	};
	rootObject = C81593351CB7D81100152A45 /* Project object */;
}
